schema: '2.0'
stages:
  clean:
    cmd: uv run python src/clean.py
    deps:
    - path: data/raw/events.csv
      hash: md5
      md5: 0b562e36fb3ca04ff1ae3326978ea322
      size: 2826
    - path: src/clean.py
      hash: md5
      md5: f9e4d4fe5631d767e3974c2c6dc3b6dc
      size: 1729
    outs:
    - path: data/clean/events.csv
      hash: md5
      md5: 7ddb0022c9615bb7df162f5d95f54068
      size: 2571
  transform:
    cmd: uv run python src/transform.py
    deps:
    - path: data/clean/events.csv
      hash: md5
      md5: 7ddb0022c9615bb7df162f5d95f54068
      size: 2571
    - path: src/transform.py
      hash: md5
      md5: c74e8fc850bbad36d59074562d33d7da
      size: 643
    outs:
    - path: data/transformed/events.csv
      hash: md5
      md5: d25154457739319a46f0a6d1b1c8bdb9
      size: 3368
  features:
    cmd: uv run python src/features.py
    deps:
    - path: data/transformed/events.csv
      hash: md5
      md5: d25154457739319a46f0a6d1b1c8bdb9
      size: 3368
    - path: src/features.py
      hash: md5
      md5: fb1e895cee17079360bb938a4ec7658c
      size: 947
    outs:
    - path: data/features/events.csv
      hash: md5
      md5: 42ab6dfb6c72d3565bca9440921b506b
      size: 4981
